
Microsoft Visual Studio Solution File, Format Version 11.00
# Visual Studio 2010
Project("{FAE04EC0-301F-11D3-BF4B-00C04F79EFBC}") = "Microsoft.MixedReality.Toolkit.SDK", "Microsoft.MixedReality.Toolkit.SDK.csproj", "{87E238B1-DA39-9181-F98D-48F71C6AA240}"
EndProject
Project("{FAE04EC0-301F-11D3-BF4B-00C04F79EFBC}") = "Microsoft.MixedReality.Toolkit.Providers.OpenVR", "Microsoft.MixedReality.Toolkit.Providers.OpenVR.csproj", "{D61A5F4F-DE96-4DAE-B038-4095C90ABBDF}"
EndProject
Project("{FAE04EC0-301F-11D3-BF4B-00C04F79EFBC}") = "Microsoft.MixedReality.Toolkit.Examples", "Microsoft.MixedReality.Toolkit.Examples.csproj", "{65CF95A3-FDEA-FE1D-92FE-F4F1BECAD950}"
EndProject
Project("{FAE04EC0-301F-11D3-BF4B-00C04F79EFBC}") = "Microsoft.MixedReality.Toolkit", "Microsoft.MixedReality.Toolkit.csproj", "{FE1E291C-ED46-DD27-EF0A-A5052F41183A}"
EndProject
Project("{FAE04EC0-301F-11D3-BF4B-00C04F79EFBC}") = "Microsoft.MixedReality.Toolkit.Services.SpatialAwarenessSystem", "Microsoft.MixedReality.Toolkit.Services.SpatialAwarenessSystem.csproj", "{8B376C97-F692-7B14-CC7B-9EA7B1AE3BD2}"
EndProject
Project("{FAE04EC0-301F-11D3-BF4B-00C04F79EFBC}") = "Microsoft.MixedReality.Toolkit.Providers.XRSDK", "Microsoft.MixedReality.Toolkit.Providers.XRSDK.csproj", "{C9474AF6-487E-7B76-0435-D4431CE61A5D}"
EndProject
Project("{FAE04EC0-301F-11D3-BF4B-00C04F79EFBC}") = "Microsoft.MixedReality.Toolkit.Services.InputAnimation", "Microsoft.MixedReality.Toolkit.Services.InputAnimation.csproj", "{529CF2D0-42F6-258D-F8DC-BBFA2D73031E}"
EndProject
Project("{FAE04EC0-301F-11D3-BF4B-00C04F79EFBC}") = "Microsoft.MixedReality.Toolkit.Gltf", "Microsoft.MixedReality.Toolkit.Gltf.csproj", "{A8AFE1F5-E225-853D-CC1E-96A51ECC5381}"
EndProject
Project("{FAE04EC0-301F-11D3-BF4B-00C04F79EFBC}") = "Microsoft.MixedReality.Toolkit.Providers.XRSDK.Oculus", "Microsoft.MixedReality.Toolkit.Providers.XRSDK.Oculus.csproj", "{DE278FC6-A297-BFAF-28C3-BBDF60805FB3}"
EndProject
Project("{FAE04EC0-301F-11D3-BF4B-00C04F79EFBC}") = "Microsoft.MixedReality.Toolkit.Services.SceneSystem", "Microsoft.MixedReality.Toolkit.Services.SceneSystem.csproj", "{BD5311CC-1ED5-A261-3C82-498C8525CDAF}"
EndProject
Project("{FAE04EC0-301F-11D3-BF4B-00C04F79EFBC}") = "Microsoft.MixedReality.Toolkit.Services.InputSystem", "Microsoft.MixedReality.Toolkit.Services.InputSystem.csproj", "{CEA5F574-C950-C7DD-175C-8BC198C6F7E0}"
EndProject
Project("{FAE04EC0-301F-11D3-BF4B-00C04F79EFBC}") = "Microsoft.MixedReality.Toolkit.SDK.Experimental.Interactive", "Microsoft.MixedReality.Toolkit.SDK.Experimental.Interactive.csproj", "{31984F6F-6851-622F-F440-0BC615710194}"
EndProject
Project("{FAE04EC0-301F-11D3-BF4B-00C04F79EFBC}") = "Microsoft.MixedReality.Toolkit.Providers.LeapMotion", "Microsoft.MixedReality.Toolkit.Providers.LeapMotion.csproj", "{D2832FAD-F247-16E0-1737-24A1CE7DE7ED}"
EndProject
Project("{FAE04EC0-301F-11D3-BF4B-00C04F79EFBC}") = "Microsoft.MixedReality.Toolkit.Services.InputSimulation", "Microsoft.MixedReality.Toolkit.Services.InputSimulation.csproj", "{01C57041-36BB-18F9-3E30-B95A5F984FCB}"
EndProject
Project("{FAE04EC0-301F-11D3-BF4B-00C04F79EFBC}") = "Microsoft.MixedReality.Toolkit.Providers.XRSDK.WindowsMixedReality", "Microsoft.MixedReality.Toolkit.Providers.XRSDK.WindowsMixedReality.csproj", "{649F03FF-33F5-1D6C-7AA1-E5DC2354D924}"
EndProject
Project("{FAE04EC0-301F-11D3-BF4B-00C04F79EFBC}") = "Microsoft.MixedReality.Toolkit.Demos.Audio", "Microsoft.MixedReality.Toolkit.Demos.Audio.csproj", "{96422EB8-100B-22B7-F095-0BC6FC100C0D}"
EndProject
Project("{FAE04EC0-301F-11D3-BF4B-00C04F79EFBC}") = "Microsoft.MixedReality.Toolkit.Services.BoundarySystem", "Microsoft.MixedReality.Toolkit.Services.BoundarySystem.csproj", "{ABA1A89C-A321-BA4F-7DE2-0D313D1282C8}"
EndProject
Project("{FAE04EC0-301F-11D3-BF4B-00C04F79EFBC}") = "Microsoft.MixedReality.Toolkit.Providers.WindowsMixedReality.Shared", "Microsoft.MixedReality.Toolkit.Providers.WindowsMixedReality.Shared.csproj", "{DB78C039-5C9E-6467-F5D3-2D2F3BEEB7D6}"
EndProject
Project("{FAE04EC0-301F-11D3-BF4B-00C04F79EFBC}") = "Microsoft.MixedReality.Toolkit.Providers.UnityAR", "Microsoft.MixedReality.Toolkit.Providers.UnityAR.csproj", "{D1CCF774-4C11-26B0-76ED-789667556447}"
EndProject
Project("{FAE04EC0-301F-11D3-BF4B-00C04F79EFBC}") = "Microsoft.MixedReality.Toolkit.Services.DiagnosticsSystem", "Microsoft.MixedReality.Toolkit.Services.DiagnosticsSystem.csproj", "{DF76A4E6-0FFE-2E31-4DB0-C78D874F1562}"
EndProject
Project("{FAE04EC0-301F-11D3-BF4B-00C04F79EFBC}") = "Microsoft.MixedReality.Toolkit.Demos.InspectorFields", "Microsoft.MixedReality.Toolkit.Demos.InspectorFields.csproj", "{8E75E8A0-9A3E-E40F-3352-137BD8480CE6}"
EndProject
Project("{FAE04EC0-301F-11D3-BF4B-00C04F79EFBC}") = "Microsoft.MixedReality.Toolkit.Demos.UX.Interactables", "Microsoft.MixedReality.Toolkit.Demos.UX.Interactables.csproj", "{9F1B9818-1F76-877E-E5A0-7BFA31CF324A}"
EndProject
Project("{FAE04EC0-301F-11D3-BF4B-00C04F79EFBC}") = "Microsoft.MixedReality.Toolkit.Async", "Microsoft.MixedReality.Toolkit.Async.csproj", "{F6F27FE5-D979-43FB-4487-176319BC09E0}"
EndProject
Project("{FAE04EC0-301F-11D3-BF4B-00C04F79EFBC}") = "Microsoft.MixedReality.Toolkit.Providers.WindowsVoiceInput", "Microsoft.MixedReality.Toolkit.Providers.WindowsVoiceInput.csproj", "{73A8E66B-91D4-955B-6F9E-BDFB4E849CE9}"
EndProject
Project("{FAE04EC0-301F-11D3-BF4B-00C04F79EFBC}") = "Microsoft.MixedReality.Toolkit.Providers.WindowsMixedReality", "Microsoft.MixedReality.Toolkit.Providers.WindowsMixedReality.csproj", "{72683E54-D661-9343-2670-4F9930D638AC}"
EndProject
Project("{FAE04EC0-301F-11D3-BF4B-00C04F79EFBC}") = "Microsoft.MixedReality.Toolkit.Demos.Gltf", "Microsoft.MixedReality.Toolkit.Demos.Gltf.csproj", "{AA3FFD38-CF33-962C-A27F-D6C3C438B0DC}"
EndProject
Project("{FAE04EC0-301F-11D3-BF4B-00C04F79EFBC}") = "Microsoft.MixedReality.Toolkit.Providers.WindowsSceneUnderstanding", "Microsoft.MixedReality.Toolkit.Providers.WindowsSceneUnderstanding.csproj", "{E83311B4-3F1F-DAA4-CDA4-5B460C4E5120}"
EndProject
Project("{FAE04EC0-301F-11D3-BF4B-00C04F79EFBC}") = "Microsoft.MixedReality.Toolkit.Services.CameraSystem", "Microsoft.MixedReality.Toolkit.Services.CameraSystem.csproj", "{423B60CB-E375-6645-8577-55113431CA58}"
EndProject
Project("{FAE04EC0-301F-11D3-BF4B-00C04F79EFBC}") = "Microsoft.MixedReality.Toolkit.Services.TeleportSystem", "Microsoft.MixedReality.Toolkit.Services.TeleportSystem.csproj", "{F38EDC7F-5F4F-CA8D-CB4B-20DC1B1C000A}"
EndProject
Project("{FAE04EC0-301F-11D3-BF4B-00C04F79EFBC}") = "Assembly-CSharp", "Assembly-CSharp.csproj", "{D476C6A8-D876-5BD0-4F3D-C06837C2530A}"
EndProject
Project("{FAE04EC0-301F-11D3-BF4B-00C04F79EFBC}") = "Microsoft.MixedReality.Toolkit.SDK.Editor", "Microsoft.MixedReality.Toolkit.SDK.Editor.csproj", "{ECA0DA88-6F8F-89BD-9756-7F6393CB1A1F}"
EndProject
Project("{FAE04EC0-301F-11D3-BF4B-00C04F79EFBC}") = "Microsoft.MixedReality.Toolkit.Editor.Inspectors", "Microsoft.MixedReality.Toolkit.Editor.Inspectors.csproj", "{9E1AC6B1-6EF8-958D-722F-31E252A7E888}"
EndProject
Project("{FAE04EC0-301F-11D3-BF4B-00C04F79EFBC}") = "Microsoft.MixedReality.Toolkit.Editor.ServiceInspectors", "Microsoft.MixedReality.Toolkit.Editor.ServiceInspectors.csproj", "{7821EA3F-4CC3-10E1-0AB1-052811593C38}"
EndProject
Project("{FAE04EC0-301F-11D3-BF4B-00C04F79EFBC}") = "Microsoft.MixedReality.Toolkit.Providers.LeapMotion.Editor", "Microsoft.MixedReality.Toolkit.Providers.LeapMotion.Editor.csproj", "{8E1ABBB7-FA2A-1CE8-2467-1389E74C6C16}"
EndProject
Project("{FAE04EC0-301F-11D3-BF4B-00C04F79EFBC}") = "Microsoft.MixedReality.Toolkit.SDK.Experimental.Editor.Interactive", "Microsoft.MixedReality.Toolkit.SDK.Experimental.Editor.Interactive.csproj", "{650CFC43-8677-EF71-FAE3-8862AE651659}"
EndProject
Project("{FAE04EC0-301F-11D3-BF4B-00C04F79EFBC}") = "Microsoft.MixedReality.Toolkit.Demos.InspectorFields.Inspectors", "Microsoft.MixedReality.Toolkit.Demos.InspectorFields.Inspectors.csproj", "{B446D1A8-5295-B3CD-3B3F-4E54A848A116}"
EndProject
Project("{FAE04EC0-301F-11D3-BF4B-00C04F79EFBC}") = "Microsoft.MixedReality.Toolkit.Editor.Utilities", "Microsoft.MixedReality.Toolkit.Editor.Utilities.csproj", "{313B205F-2DAB-9105-462B-FE5CD3F946E3}"
EndProject
Project("{FAE04EC0-301F-11D3-BF4B-00C04F79EFBC}") = "Microsoft.MixedReality.Toolkit.Providers.ObjectMeshObserver", "Microsoft.MixedReality.Toolkit.Providers.ObjectMeshObserver.csproj", "{F71E9E4B-9303-AE76-4230-DF033519B64A}"
EndProject
Project("{FAE04EC0-301F-11D3-BF4B-00C04F79EFBC}") = "Microsoft.MixedReality.Toolkit.Gltf.Importers", "Microsoft.MixedReality.Toolkit.Gltf.Importers.csproj", "{9BA21998-94DD-2B1B-7D14-E9E7F5F7BE71}"
EndProject
Project("{FAE04EC0-301F-11D3-BF4B-00C04F79EFBC}") = "Microsoft.MixedReality.Toolkit.StandardAssets.Editor", "Microsoft.MixedReality.Toolkit.StandardAssets.Editor.csproj", "{39A581E1-2077-97D6-A118-1833509AE571}"
EndProject
Project("{FAE04EC0-301F-11D3-BF4B-00C04F79EFBC}") = "Microsoft.MixedReality.Toolkit.Editor.ClassExtensions", "Microsoft.MixedReality.Toolkit.Editor.ClassExtensions.csproj", "{5A702403-C6AF-257E-8FCD-B190129A0241}"
EndProject
Project("{FAE04EC0-301F-11D3-BF4B-00C04F79EFBC}") = "Microsoft.MixedReality.Toolkit.Providers.UnityAR.Editor", "Microsoft.MixedReality.Toolkit.Providers.UnityAR.Editor.csproj", "{A80F33F8-2960-56DC-717F-6148867D5AB4}"
EndProject
Project("{FAE04EC0-301F-11D3-BF4B-00C04F79EFBC}") = "Microsoft.MixedReality.Toolkit.Services.InputSystem.Editor", "Microsoft.MixedReality.Toolkit.Services.InputSystem.Editor.csproj", "{1FA030DB-7B23-FC85-CCC1-6139E0EFF7C1}"
EndProject
Project("{FAE04EC0-301F-11D3-BF4B-00C04F79EFBC}") = "Microsoft.MixedReality.Toolkit.Editor.BuildAndDeploy", "Microsoft.MixedReality.Toolkit.Editor.BuildAndDeploy.csproj", "{ABA7CB7E-D498-98CA-6378-CDBD02A6654C}"
EndProject
Project("{FAE04EC0-301F-11D3-BF4B-00C04F79EFBC}") = "Microsoft.MixedReality.Toolkit.Services.InputSimulation.Editor", "Microsoft.MixedReality.Toolkit.Services.InputSimulation.Editor.csproj", "{14CD720E-789D-8692-8AE5-A5110ED71D4B}"
EndProject
Project("{FAE04EC0-301F-11D3-BF4B-00C04F79EFBC}") = "Microsoft.MixedReality.Toolkit.Providers.WindowsSceneUnderstanding.Editor", "Microsoft.MixedReality.Toolkit.Providers.WindowsSceneUnderstanding.Editor.csproj", "{2E1319F7-8E99-342C-3EE8-8C0DCAD0A1B0}"
EndProject
Project("{FAE04EC0-301F-11D3-BF4B-00C04F79EFBC}") = "Microsoft.MixedReality.Toolkit.SDK.Experimental.Editor", "Microsoft.MixedReality.Toolkit.SDK.Experimental.Editor.csproj", "{38D82010-AD09-6644-0746-62DAB8720CDA}"
EndProject
Project("{FAE04EC0-301F-11D3-BF4B-00C04F79EFBC}") = "Microsoft.MixedReality.Toolkit.Demos.StandardShader.Inspectors", "Microsoft.MixedReality.Toolkit.Demos.StandardShader.Inspectors.csproj", "{D3CCDB75-1D36-BF20-F711-E28B1E3EC13F}"
EndProject
Project("{FAE04EC0-301F-11D3-BF4B-00C04F79EFBC}") = "Microsoft.MixedReality.Toolkit.Providers.WindowsMixedReality.Editor", "Microsoft.MixedReality.Toolkit.Providers.WindowsMixedReality.Editor.csproj", "{70E4863A-14E4-4350-343B-D2431A666BFD}"
EndProject
Project("{FAE04EC0-301F-11D3-BF4B-00C04F79EFBC}") = "Microsoft.MixedReality.Toolkit.Providers.XRSDK.Oculus.Handtracking.Editor", "Microsoft.MixedReality.Toolkit.Providers.XRSDK.Oculus.Handtracking.Editor.csproj", "{4106C1BB-35EA-11EB-A6CD-721E578E8379}"
EndProject
Project("{FAE04EC0-301F-11D3-BF4B-00C04F79EFBC}") = "Microsoft.MixedReality.Toolkit.Demos.Gltf.Inspectors", "Microsoft.MixedReality.Toolkit.Demos.Gltf.Inspectors.csproj", "{C3160DCC-A62A-07A1-EA7D-E4820E515BAB}"
EndProject
Global
	GlobalSection(SolutionConfigurationPlatforms) = preSolution
		Debug|Any CPU = Debug|Any CPU
		Release|Any CPU = Release|Any CPU
	EndGlobalSection
	GlobalSection(ProjectConfigurationPlatforms) = postSolution
		{87E238B1-DA39-9181-F98D-48F71C6AA240}.Debug|Any CPU.ActiveCfg = Debug|Any CPU
		{87E238B1-DA39-9181-F98D-48F71C6AA240}.Debug|Any CPU.Build.0 = Debug|Any CPU
		{87E238B1-DA39-9181-F98D-48F71C6AA240}.Release|Any CPU.ActiveCfg = Release|Any CPU
		{87E238B1-DA39-9181-F98D-48F71C6AA240}.Release|Any CPU.Build.0 = Release|Any CPU
		{D61A5F4F-DE96-4DAE-B038-4095C90ABBDF}.Debug|Any CPU.ActiveCfg = Debug|Any CPU
		{D61A5F4F-DE96-4DAE-B038-4095C90ABBDF}.Debug|Any CPU.Build.0 = Debug|Any CPU
		{D61A5F4F-DE96-4DAE-B038-4095C90ABBDF}.Release|Any CPU.ActiveCfg = Release|Any CPU
		{D61A5F4F-DE96-4DAE-B038-4095C90ABBDF}.Release|Any CPU.Build.0 = Release|Any CPU
		{65CF95A3-FDEA-FE1D-92FE-F4F1BECAD950}.Debug|Any CPU.ActiveCfg = Debug|Any CPU
		{65CF95A3-FDEA-FE1D-92FE-F4F1BECAD950}.Debug|Any CPU.Build.0 = Debug|Any CPU
		{65CF95A3-FDEA-FE1D-92FE-F4F1BECAD950}.Release|Any CPU.ActiveCfg = Release|Any CPU
		{65CF95A3-FDEA-FE1D-92FE-F4F1BECAD950}.Release|Any CPU.Build.0 = Release|Any CPU
		{FE1E291C-ED46-DD27-EF0A-A5052F41183A}.Debug|Any CPU.ActiveCfg = Debug|Any CPU
		{FE1E291C-ED46-DD27-EF0A-A5052F41183A}.Debug|Any CPU.Build.0 = Debug|Any CPU
		{FE1E291C-ED46-DD27-EF0A-A5052F41183A}.Release|Any CPU.ActiveCfg = Release|Any CPU
		{FE1E291C-ED46-DD27-EF0A-A5052F41183A}.Release|Any CPU.Build.0 = Release|Any CPU
		{8B376C97-F692-7B14-CC7B-9EA7B1AE3BD2}.Debug|Any CPU.ActiveCfg = Debug|Any CPU
		{8B376C97-F692-7B14-CC7B-9EA7B1AE3BD2}.Debug|Any CPU.Build.0 = Debug|Any CPU
		{8B376C97-F692-7B14-CC7B-9EA7B1AE3BD2}.Release|Any CPU.ActiveCfg = Release|Any CPU
		{8B376C97-F692-7B14-CC7B-9EA7B1AE3BD2}.Release|Any CPU.Build.0 = Release|Any CPU
		{C9474AF6-487E-7B76-0435-D4431CE61A5D}.Debug|Any CPU.ActiveCfg = Debug|Any CPU
		{C9474AF6-487E-7B76-0435-D4431CE61A5D}.Debug|Any CPU.Build.0 = Debug|Any CPU
		{C9474AF6-487E-7B76-0435-D4431CE61A5D}.Release|Any CPU.ActiveCfg = Release|Any CPU
		{C9474AF6-487E-7B76-0435-D4431CE61A5D}.Release|Any CPU.Build.0 = Release|Any CPU
		{529CF2D0-42F6-258D-F8DC-BBFA2D73031E}.Debug|Any CPU.ActiveCfg = Debug|Any CPU
		{529CF2D0-42F6-258D-F8DC-BBFA2D73031E}.Debug|Any CPU.Build.0 = Debug|Any CPU
		{529CF2D0-42F6-258D-F8DC-BBFA2D73031E}.Release|Any CPU.ActiveCfg = Release|Any CPU
		{529CF2D0-42F6-258D-F8DC-BBFA2D73031E}.Release|Any CPU.Build.0 = Release|Any CPU
		{A8AFE1F5-E225-853D-CC1E-96A51ECC5381}.Debug|Any CPU.ActiveCfg = Debug|Any CPU
		{A8AFE1F5-E225-853D-CC1E-96A51ECC5381}.Debug|Any CPU.Build.0 = Debug|Any CPU
		{A8AFE1F5-E225-853D-CC1E-96A51ECC5381}.Release|Any CPU.ActiveCfg = Release|Any CPU
		{A8AFE1F5-E225-853D-CC1E-96A51ECC5381}.Release|Any CPU.Build.0 = Release|Any CPU
		{DE278FC6-A297-BFAF-28C3-BBDF60805FB3}.Debug|Any CPU.ActiveCfg = Debug|Any CPU
		{DE278FC6-A297-BFAF-28C3-BBDF60805FB3}.Debug|Any CPU.Build.0 = Debug|Any CPU
		{DE278FC6-A297-BFAF-28C3-BBDF60805FB3}.Release|Any CPU.ActiveCfg = Release|Any CPU
		{DE278FC6-A297-BFAF-28C3-BBDF60805FB3}.Release|Any CPU.Build.0 = Release|Any CPU
		{BD5311CC-1ED5-A261-3C82-498C8525CDAF}.Debug|Any CPU.ActiveCfg = Debug|Any CPU
		{BD5311CC-1ED5-A261-3C82-498C8525CDAF}.Debug|Any CPU.Build.0 = Debug|Any CPU
		{BD5311CC-1ED5-A261-3C82-498C8525CDAF}.Release|Any CPU.ActiveCfg = Release|Any CPU
		{BD5311CC-1ED5-A261-3C82-498C8525CDAF}.Release|Any CPU.Build.0 = Release|Any CPU
		{CEA5F574-C950-C7DD-175C-8BC198C6F7E0}.Debug|Any CPU.ActiveCfg = Debug|Any CPU
		{CEA5F574-C950-C7DD-175C-8BC198C6F7E0}.Debug|Any CPU.Build.0 = Debug|Any CPU
		{CEA5F574-C950-C7DD-175C-8BC198C6F7E0}.Release|Any CPU.ActiveCfg = Release|Any CPU
		{CEA5F574-C950-C7DD-175C-8BC198C6F7E0}.Release|Any CPU.Build.0 = Release|Any CPU
		{31984F6F-6851-622F-F440-0BC615710194}.Debug|Any CPU.ActiveCfg = Debug|Any CPU
		{31984F6F-6851-622F-F440-0BC615710194}.Debug|Any CPU.Build.0 = Debug|Any CPU
		{31984F6F-6851-622F-F440-0BC615710194}.Release|Any CPU.ActiveCfg = Release|Any CPU
		{31984F6F-6851-622F-F440-0BC615710194}.Release|Any CPU.Build.0 = Release|Any CPU
		{D2832FAD-F247-16E0-1737-24A1CE7DE7ED}.Debug|Any CPU.ActiveCfg = Debug|Any CPU
		{D2832FAD-F247-16E0-1737-24A1CE7DE7ED}.Debug|Any CPU.Build.0 = Debug|Any CPU
		{D2832FAD-F247-16E0-1737-24A1CE7DE7ED}.Release|Any CPU.ActiveCfg = Release|Any CPU
		{D2832FAD-F247-16E0-1737-24A1CE7DE7ED}.Release|Any CPU.Build.0 = Release|Any CPU
		{01C57041-36BB-18F9-3E30-B95A5F984FCB}.Debug|Any CPU.ActiveCfg = Debug|Any CPU
		{01C57041-36BB-18F9-3E30-B95A5F984FCB}.Debug|Any CPU.Build.0 = Debug|Any CPU
		{01C57041-36BB-18F9-3E30-B95A5F984FCB}.Release|Any CPU.ActiveCfg = Release|Any CPU
		{01C57041-36BB-18F9-3E30-B95A5F984FCB}.Release|Any CPU.Build.0 = Release|Any CPU
		{649F03FF-33F5-1D6C-7AA1-E5DC2354D924}.Debug|Any CPU.ActiveCfg = Debug|Any CPU
		{649F03FF-33F5-1D6C-7AA1-E5DC2354D924}.Debug|Any CPU.Build.0 = Debug|Any CPU
		{649F03FF-33F5-1D6C-7AA1-E5DC2354D924}.Release|Any CPU.ActiveCfg = Release|Any CPU
		{649F03FF-33F5-1D6C-7AA1-E5DC2354D924}.Release|Any CPU.Build.0 = Release|Any CPU
		{96422EB8-100B-22B7-F095-0BC6FC100C0D}.Debug|Any CPU.ActiveCfg = Debug|Any CPU
		{96422EB8-100B-22B7-F095-0BC6FC100C0D}.Debug|Any CPU.Build.0 = Debug|Any CPU
		{96422EB8-100B-22B7-F095-0BC6FC100C0D}.Release|Any CPU.ActiveCfg = Release|Any CPU
		{96422EB8-100B-22B7-F095-0BC6FC100C0D}.Release|Any CPU.Build.0 = Release|Any CPU
		{ABA1A89C-A321-BA4F-7DE2-0D313D1282C8}.Debug|Any CPU.ActiveCfg = Debug|Any CPU
		{ABA1A89C-A321-BA4F-7DE2-0D313D1282C8}.Debug|Any CPU.Build.0 = Debug|Any CPU
		{ABA1A89C-A321-BA4F-7DE2-0D313D1282C8}.Release|Any CPU.ActiveCfg = Release|Any CPU
		{ABA1A89C-A321-BA4F-7DE2-0D313D1282C8}.Release|Any CPU.Build.0 = Release|Any CPU
		{DB78C039-5C9E-6467-F5D3-2D2F3BEEB7D6}.Debug|Any CPU.ActiveCfg = Debug|Any CPU
		{DB78C039-5C9E-6467-F5D3-2D2F3BEEB7D6}.Debug|Any CPU.Build.0 = Debug|Any CPU
		{DB78C039-5C9E-6467-F5D3-2D2F3BEEB7D6}.Release|Any CPU.ActiveCfg = Release|Any CPU
		{DB78C039-5C9E-6467-F5D3-2D2F3BEEB7D6}.Release|Any CPU.Build.0 = Release|Any CPU
		{D1CCF774-4C11-26B0-76ED-789667556447}.Debug|Any CPU.ActiveCfg = Debug|Any CPU
		{D1CCF774-4C11-26B0-76ED-789667556447}.Debug|Any CPU.Build.0 = Debug|Any CPU
		{D1CCF774-4C11-26B0-76ED-789667556447}.Release|Any CPU.ActiveCfg = Release|Any CPU
		{D1CCF774-4C11-26B0-76ED-789667556447}.Release|Any CPU.Build.0 = Release|Any CPU
		{DF76A4E6-0FFE-2E31-4DB0-C78D874F1562}.Debug|Any CPU.ActiveCfg = Debug|Any CPU
		{DF76A4E6-0FFE-2E31-4DB0-C78D874F1562}.Debug|Any CPU.Build.0 = Debug|Any CPU
		{DF76A4E6-0FFE-2E31-4DB0-C78D874F1562}.Release|Any CPU.ActiveCfg = Release|Any CPU
		{DF76A4E6-0FFE-2E31-4DB0-C78D874F1562}.Release|Any CPU.Build.0 = Release|Any CPU
		{8E75E8A0-9A3E-E40F-3352-137BD8480CE6}.Debug|Any CPU.ActiveCfg = Debug|Any CPU
		{8E75E8A0-9A3E-E40F-3352-137BD8480CE6}.Debug|Any CPU.Build.0 = Debug|Any CPU
		{8E75E8A0-9A3E-E40F-3352-137BD8480CE6}.Release|Any CPU.ActiveCfg = Release|Any CPU
		{8E75E8A0-9A3E-E40F-3352-137BD8480CE6}.Release|Any CPU.Build.0 = Release|Any CPU
		{9F1B9818-1F76-877E-E5A0-7BFA31CF324A}.Debug|Any CPU.ActiveCfg = Debug|Any CPU
		{9F1B9818-1F76-877E-E5A0-7BFA31CF324A}.Debug|Any CPU.Build.0 = Debug|Any CPU
		{9F1B9818-1F76-877E-E5A0-7BFA31CF324A}.Release|Any CPU.ActiveCfg = Release|Any CPU
		{9F1B9818-1F76-877E-E5A0-7BFA31CF324A}.Release|Any CPU.Build.0 = Release|Any CPU
		{F6F27FE5-D979-43FB-4487-176319BC09E0}.Debug|Any CPU.ActiveCfg = Debug|Any CPU
		{F6F27FE5-D979-43FB-4487-176319BC09E0}.Debug|Any CPU.Build.0 = Debug|Any CPU
		{F6F27FE5-D979-43FB-4487-176319BC09E0}.Release|Any CPU.ActiveCfg = Release|Any CPU
		{F6F27FE5-D979-43FB-4487-176319BC09E0}.Release|Any CPU.Build.0 = Release|Any CPU
		{73A8E66B-91D4-955B-6F9E-BDFB4E849CE9}.Debug|Any CPU.ActiveCfg = Debug|Any CPU
		{73A8E66B-91D4-955B-6F9E-BDFB4E849CE9}.Debug|Any CPU.Build.0 = Debug|Any CPU
		{73A8E66B-91D4-955B-6F9E-BDFB4E849CE9}.Release|Any CPU.ActiveCfg = Release|Any CPU
		{73A8E66B-91D4-955B-6F9E-BDFB4E849CE9}.Release|Any CPU.Build.0 = Release|Any CPU
		{72683E54-D661-9343-2670-4F9930D638AC}.Debug|Any CPU.ActiveCfg = Debug|Any CPU
		{72683E54-D661-9343-2670-4F9930D638AC}.Debug|Any CPU.Build.0 = Debug|Any CPU
		{72683E54-D661-9343-2670-4F9930D638AC}.Release|Any CPU.ActiveCfg = Release|Any CPU
		{72683E54-D661-9343-2670-4F9930D638AC}.Release|Any CPU.Build.0 = Release|Any CPU
		{AA3FFD38-CF33-962C-A27F-D6C3C438B0DC}.Debug|Any CPU.ActiveCfg = Debug|Any CPU
		{AA3FFD38-CF33-962C-A27F-D6C3C438B0DC}.Debug|Any CPU.Build.0 = Debug|Any CPU
		{AA3FFD38-CF33-962C-A27F-D6C3C438B0DC}.Release|Any CPU.ActiveCfg = Release|Any CPU
		{AA3FFD38-CF33-962C-A27F-D6C3C438B0DC}.Release|Any CPU.Build.0 = Release|Any CPU
		{E83311B4-3F1F-DAA4-CDA4-5B460C4E5120}.Debug|Any CPU.ActiveCfg = Debug|Any CPU
		{E83311B4-3F1F-DAA4-CDA4-5B460C4E5120}.Debug|Any CPU.Build.0 = Debug|Any CPU
		{E83311B4-3F1F-DAA4-CDA4-5B460C4E5120}.Release|Any CPU.ActiveCfg = Release|Any CPU
		{E83311B4-3F1F-DAA4-CDA4-5B460C4E5120}.Release|Any CPU.Build.0 = Release|Any CPU
		{423B60CB-E375-6645-8577-55113431CA58}.Debug|Any CPU.ActiveCfg = Debug|Any CPU
		{423B60CB-E375-6645-8577-55113431CA58}.Debug|Any CPU.Build.0 = Debug|Any CPU
		{423B60CB-E375-6645-8577-55113431CA58}.Release|Any CPU.ActiveCfg = Release|Any CPU
		{423B60CB-E375-6645-8577-55113431CA58}.Release|Any CPU.Build.0 = Release|Any CPU
		{F38EDC7F-5F4F-CA8D-CB4B-20DC1B1C000A}.Debug|Any CPU.ActiveCfg = Debug|Any CPU
		{F38EDC7F-5F4F-CA8D-CB4B-20DC1B1C000A}.Debug|Any CPU.Build.0 = Debug|Any CPU
		{F38EDC7F-5F4F-CA8D-CB4B-20DC1B1C000A}.Release|Any CPU.ActiveCfg = Release|Any CPU
		{F38EDC7F-5F4F-CA8D-CB4B-20DC1B1C000A}.Release|Any CPU.Build.0 = Release|Any CPU
		{D476C6A8-D876-5BD0-4F3D-C06837C2530A}.Debug|Any CPU.ActiveCfg = Debug|Any CPU
		{D476C6A8-D876-5BD0-4F3D-C06837C2530A}.Debug|Any CPU.Build.0 = Debug|Any CPU
		{D476C6A8-D876-5BD0-4F3D-C06837C2530A}.Release|Any CPU.ActiveCfg = Release|Any CPU
		{D476C6A8-D876-5BD0-4F3D-C06837C2530A}.Release|Any CPU.Build.0 = Release|Any CPU
		{ECA0DA88-6F8F-89BD-9756-7F6393CB1A1F}.Debug|Any CPU.ActiveCfg = Debug|Any CPU
		{ECA0DA88-6F8F-89BD-9756-7F6393CB1A1F}.Debug|Any CPU.Build.0 = Debug|Any CPU
		{ECA0DA88-6F8F-89BD-9756-7F6393CB1A1F}.Release|Any CPU.ActiveCfg = Release|Any CPU
		{ECA0DA88-6F8F-89BD-9756-7F6393CB1A1F}.Release|Any CPU.Build.0 = Release|Any CPU
		{9E1AC6B1-6EF8-958D-722F-31E252A7E888}.Debug|Any CPU.ActiveCfg = Debug|Any CPU
		{9E1AC6B1-6EF8-958D-722F-31E252A7E888}.Debug|Any CPU.Build.0 = Debug|Any CPU
		{9E1AC6B1-6EF8-958D-722F-31E252A7E888}.Release|Any CPU.ActiveCfg = Release|Any CPU
		{9E1AC6B1-6EF8-958D-722F-31E252A7E888}.Release|Any CPU.Build.0 = Release|Any CPU
		{7821EA3F-4CC3-10E1-0AB1-052811593C38}.Debug|Any CPU.ActiveCfg = Debug|Any CPU
		{7821EA3F-4CC3-10E1-0AB1-052811593C38}.Debug|Any CPU.Build.0 = Debug|Any CPU
		{7821EA3F-4CC3-10E1-0AB1-052811593C38}.Release|Any CPU.ActiveCfg = Release|Any CPU
		{7821EA3F-4CC3-10E1-0AB1-052811593C38}.Release|Any CPU.Build.0 = Release|Any CPU
		{8E1ABBB7-FA2A-1CE8-2467-1389E74C6C16}.Debug|Any CPU.ActiveCfg = Debug|Any CPU
		{8E1ABBB7-FA2A-1CE8-2467-1389E74C6C16}.Debug|Any CPU.Build.0 = Debug|Any CPU
		{8E1ABBB7-FA2A-1CE8-2467-1389E74C6C16}.Release|Any CPU.ActiveCfg = Release|Any CPU
		{8E1ABBB7-FA2A-1CE8-2467-1389E74C6C16}.Release|Any CPU.Build.0 = Release|Any CPU
		{650CFC43-8677-EF71-FAE3-8862AE651659}.Debug|Any CPU.ActiveCfg = Debug|Any CPU
		{650CFC43-8677-EF71-FAE3-8862AE651659}.Debug|Any CPU.Build.0 = Debug|Any CPU
		{650CFC43-8677-EF71-FAE3-8862AE651659}.Release|Any CPU.ActiveCfg = Release|Any CPU
		{650CFC43-8677-EF71-FAE3-8862AE651659}.Release|Any CPU.Build.0 = Release|Any CPU
		{B446D1A8-5295-B3CD-3B3F-4E54A848A116}.Debug|Any CPU.ActiveCfg = Debug|Any CPU
		{B446D1A8-5295-B3CD-3B3F-4E54A848A116}.Debug|Any CPU.Build.0 = Debug|Any CPU
		{B446D1A8-5295-B3CD-3B3F-4E54A848A116}.Release|Any CPU.ActiveCfg = Release|Any CPU
		{B446D1A8-5295-B3CD-3B3F-4E54A848A116}.Release|Any CPU.Build.0 = Release|Any CPU
		{313B205F-2DAB-9105-462B-FE5CD3F946E3}.Debug|Any CPU.ActiveCfg = Debug|Any CPU
		{313B205F-2DAB-9105-462B-FE5CD3F946E3}.Debug|Any CPU.Build.0 = Debug|Any CPU
		{313B205F-2DAB-9105-462B-FE5CD3F946E3}.Release|Any CPU.ActiveCfg = Release|Any CPU
		{313B205F-2DAB-9105-462B-FE5CD3F946E3}.Release|Any CPU.Build.0 = Release|Any CPU
		{F71E9E4B-9303-AE76-4230-DF033519B64A}.Debug|Any CPU.ActiveCfg = Debug|Any CPU
		{F71E9E4B-9303-AE76-4230-DF033519B64A}.Debug|Any CPU.Build.0 = Debug|Any CPU
		{F71E9E4B-9303-AE76-4230-DF033519B64A}.Release|Any CPU.ActiveCfg = Release|Any CPU
		{F71E9E4B-9303-AE76-4230-DF033519B64A}.Release|Any CPU.Build.0 = Release|Any CPU
		{9BA21998-94DD-2B1B-7D14-E9E7F5F7BE71}.Debug|Any CPU.ActiveCfg = Debug|Any CPU
		{9BA21998-94DD-2B1B-7D14-E9E7F5F7BE71}.Debug|Any CPU.Build.0 = Debug|Any CPU
		{9BA21998-94DD-2B1B-7D14-E9E7F5F7BE71}.Release|Any CPU.ActiveCfg = Release|Any CPU
		{9BA21998-94DD-2B1B-7D14-E9E7F5F7BE71}.Release|Any CPU.Build.0 = Release|Any CPU
		{39A581E1-2077-97D6-A118-1833509AE571}.Debug|Any CPU.ActiveCfg = Debug|Any CPU
		{39A581E1-2077-97D6-A118-1833509AE571}.Debug|Any CPU.Build.0 = Debug|Any CPU
		{39A581E1-2077-97D6-A118-1833509AE571}.Release|Any CPU.ActiveCfg = Release|Any CPU
		{39A581E1-2077-97D6-A118-1833509AE571}.Release|Any CPU.Build.0 = Release|Any CPU
		{5A702403-C6AF-257E-8FCD-B190129A0241}.Debug|Any CPU.ActiveCfg = Debug|Any CPU
		{5A702403-C6AF-257E-8FCD-B190129A0241}.Debug|Any CPU.Build.0 = Debug|Any CPU
		{5A702403-C6AF-257E-8FCD-B190129A0241}.Release|Any CPU.ActiveCfg = Release|Any CPU
		{5A702403-C6AF-257E-8FCD-B190129A0241}.Release|Any CPU.Build.0 = Release|Any CPU
		{A80F33F8-2960-56DC-717F-6148867D5AB4}.Debug|Any CPU.ActiveCfg = Debug|Any CPU
		{A80F33F8-2960-56DC-717F-6148867D5AB4}.Debug|Any CPU.Build.0 = Debug|Any CPU
		{A80F33F8-2960-56DC-717F-6148867D5AB4}.Release|Any CPU.ActiveCfg = Release|Any CPU
		{A80F33F8-2960-56DC-717F-6148867D5AB4}.Release|Any CPU.Build.0 = Release|Any CPU
		{1FA030DB-7B23-FC85-CCC1-6139E0EFF7C1}.Debug|Any CPU.ActiveCfg = Debug|Any CPU
		{1FA030DB-7B23-FC85-CCC1-6139E0EFF7C1}.Debug|Any CPU.Build.0 = Debug|Any CPU
		{1FA030DB-7B23-FC85-CCC1-6139E0EFF7C1}.Release|Any CPU.ActiveCfg = Release|Any CPU
		{1FA030DB-7B23-FC85-CCC1-6139E0EFF7C1}.Release|Any CPU.Build.0 = Release|Any CPU
		{ABA7CB7E-D498-98CA-6378-CDBD02A6654C}.Debug|Any CPU.ActiveCfg = Debug|Any CPU
		{ABA7CB7E-D498-98CA-6378-CDBD02A6654C}.Debug|Any CPU.Build.0 = Debug|Any CPU
		{ABA7CB7E-D498-98CA-6378-CDBD02A6654C}.Release|Any CPU.ActiveCfg = Release|Any CPU
		{ABA7CB7E-D498-98CA-6378-CDBD02A6654C}.Release|Any CPU.Build.0 = Release|Any CPU
		{14CD720E-789D-8692-8AE5-A5110ED71D4B}.Debug|Any CPU.ActiveCfg = Debug|Any CPU
		{14CD720E-789D-8692-8AE5-A5110ED71D4B}.Debug|Any CPU.Build.0 = Debug|Any CPU
		{14CD720E-789D-8692-8AE5-A5110ED71D4B}.Release|Any CPU.ActiveCfg = Release|Any CPU
		{14CD720E-789D-8692-8AE5-A5110ED71D4B}.Release|Any CPU.Build.0 = Release|Any CPU
		{2E1319F7-8E99-342C-3EE8-8C0DCAD0A1B0}.Debug|Any CPU.ActiveCfg = Debug|Any CPU
		{2E1319F7-8E99-342C-3EE8-8C0DCAD0A1B0}.Debug|Any CPU.Build.0 = Debug|Any CPU
		{2E1319F7-8E99-342C-3EE8-8C0DCAD0A1B0}.Release|Any CPU.ActiveCfg = Release|Any CPU
		{2E1319F7-8E99-342C-3EE8-8C0DCAD0A1B0}.Release|Any CPU.Build.0 = Release|Any CPU
		{38D82010-AD09-6644-0746-62DAB8720CDA}.Debug|Any CPU.ActiveCfg = Debug|Any CPU
		{38D82010-AD09-6644-0746-62DAB8720CDA}.Debug|Any CPU.Build.0 = Debug|Any CPU
		{38D82010-AD09-6644-0746-62DAB8720CDA}.Release|Any CPU.ActiveCfg = Release|Any CPU
		{38D82010-AD09-6644-0746-62DAB8720CDA}.Release|Any CPU.Build.0 = Release|Any CPU
		{D3CCDB75-1D36-BF20-F711-E28B1E3EC13F}.Debug|Any CPU.ActiveCfg = Debug|Any CPU
		{D3CCDB75-1D36-BF20-F711-E28B1E3EC13F}.Debug|Any CPU.Build.0 = Debug|Any CPU
		{D3CCDB75-1D36-BF20-F711-E28B1E3EC13F}.Release|Any CPU.ActiveCfg = Release|Any CPU
		{D3CCDB75-1D36-BF20-F711-E28B1E3EC13F}.Release|Any CPU.Build.0 = Release|Any CPU
		{70E4863A-14E4-4350-343B-D2431A666BFD}.Debug|Any CPU.ActiveCfg = Debug|Any CPU
		{70E4863A-14E4-4350-343B-D2431A666BFD}.Debug|Any CPU.Build.0 = Debug|Any CPU
		{70E4863A-14E4-4350-343B-D2431A666BFD}.Release|Any CPU.ActiveCfg = Release|Any CPU
		{70E4863A-14E4-4350-343B-D2431A666BFD}.Release|Any CPU.Build.0 = Release|Any CPU
		{4106C1BB-35EA-11EB-A6CD-721E578E8379}.Debug|Any CPU.ActiveCfg = Debug|Any CPU
		{4106C1BB-35EA-11EB-A6CD-721E578E8379}.Debug|Any CPU.Build.0 = Debug|Any CPU
		{4106C1BB-35EA-11EB-A6CD-721E578E8379}.Release|Any CPU.ActiveCfg = Release|Any CPU
		{4106C1BB-35EA-11EB-A6CD-721E578E8379}.Release|Any CPU.Build.0 = Release|Any CPU
		{C3160DCC-A62A-07A1-EA7D-E4820E515BAB}.Debug|Any CPU.ActiveCfg = Debug|Any CPU
		{C3160DCC-A62A-07A1-EA7D-E4820E515BAB}.Debug|Any CPU.Build.0 = Debug|Any CPU
		{C3160DCC-A62A-07A1-EA7D-E4820E515BAB}.Release|Any CPU.ActiveCfg = Release|Any CPU
		{C3160DCC-A62A-07A1-EA7D-E4820E515BAB}.Release|Any CPU.Build.0 = Release|Any CPU
	EndGlobalSection
	GlobalSection(SolutionProperties) = preSolution
		HideSolutionNode = FALSE
	EndGlobalSection
EndGlobal
